
Microsoft Visual Studio Solution File, Format Version 12.00
# Visual Studio Version 17
VisualStudioVersion = 17.9.34902.65
MinimumVisualStudioVersion = 10.0.40219.1
Project("{9A19103F-16F7-4668-BE54-9A1E7A4F7556}") = "AlbumDatabaseMVC", "AlbumDatabaseMVC.csproj", "{F85E1121-F35C-4838-9BF8-00FAB40A291B}"
EndProject
Global
	GlobalSection(SolutionConfigurationPlatforms) = preSolution
		Debug|Any CPU = Debug|Any CPU
		Release|Any CPU = Release|Any CPU
	EndGlobalSection
	GlobalSection(ProjectConfigurationPlatforms) = postSolution
		{F85E1121-F35C-4838-9BF8-00FAB40A291B}.Debug|Any CPU.ActiveCfg = Debug|Any CPU
		{F85E1121-F35C-4838-9BF8-00FAB40A291B}.Debug|Any CPU.Build.0 = Debug|Any CPU
		{F85E1121-F35C-4838-9BF8-00FAB40A291B}.Release|Any CPU.ActiveCfg = Release|Any CPU
		{F85E1121-F35C-4838-9BF8-00FAB40A291B}.Release|Any CPU.Build.0 = Release|Any CPU
	EndGlobalSection
	GlobalSection(SolutionProperties) = preSolution
		HideSolutionNode = FALSE
	EndGlobalSection
	GlobalSection(ExtensibilityGlobals) = postSolution
		SolutionGuid = {14AF0B0D-C84A-4BB5-AEA5-D10E8BBE7D1E}
	EndGlobalSection
EndGlobal
